
Microsoft Visual Studio Solution File, Format Version 12.00
# Visual Studio Version 17
VisualStudioVersion = 17.1.32210.238
MinimumVisualStudioVersion = 10.0.40219.1
Project("{FAE04EC0-301F-11D3-BF4B-00C04F79EFBC}") = "VoltandoComCsharp", "VoltandoComCsharp\VoltandoComCsharp.csproj", "{ADAE9076-99E7-41DA-AA32-4E62A03CD2F8}"
EndProject
Global
	GlobalSection(SolutionConfigurationPlatforms) = preSolution
		Debug|Any CPU = Debug|Any CPU
		Release|Any CPU = Release|Any CPU
	EndGlobalSection
	GlobalSection(ProjectConfigurationPlatforms) = postSolution
		{ADAE9076-99E7-41DA-AA32-4E62A03CD2F8}.Debug|Any CPU.ActiveCfg = Debug|Any CPU
		{ADAE9076-99E7-41DA-AA32-4E62A03CD2F8}.Debug|Any CPU.Build.0 = Debug|Any CPU
		{ADAE9076-99E7-41DA-AA32-4E62A03CD2F8}.Release|Any CPU.ActiveCfg = Release|Any CPU
		{ADAE9076-99E7-41DA-AA32-4E62A03CD2F8}.Release|Any CPU.Build.0 = Release|Any CPU
	EndGlobalSection
	GlobalSection(SolutionProperties) = preSolution
		HideSolutionNode = FALSE
	EndGlobalSection
	GlobalSection(ExtensibilityGlobals) = postSolution
		SolutionGuid = {0065C763-3F6D-42A5-87A1-D7F63BD96647}
	EndGlobalSection
EndGlobal
